// !$*UTF8*$!
{
	archiveVersion = 1;
	classes = {
	};
	objectVersion = 56;
	objects = {

/* Begin PBXBuildFile section */
		31371FBA2B4AC4EF00F88BDD /* 단어수학-실패1.swift in Sources */ = {isa = PBXBuildFile; fileRef = 31371FB92B4AC4EF00F88BDD /* 단어수학-실패1.swift */; };
		31371FBC2B4AC4F500F88BDD /* 단어수학-실패2.swift in Sources */ = {isa = PBXBuildFile; fileRef = 31371FBB2B4AC4F500F88BDD /* 단어수학-실패2.swift */; };
		313B68E32B5170010054F3D1 /* 전생했더니 슬라임HARD.swift in Sources */ = {isa = PBXBuildFile; fileRef = 313B68E22B5170010054F3D1 /* 전생했더니 슬라임HARD.swift */; };
		313B69012B53D8310054F3D1 /* 친구 네트워크-실패.swift in Sources */ = {isa = PBXBuildFile; fileRef = 313B69002B53D8310054F3D1 /* 친구 네트워크-실패.swift */; };
		31EE8BB42B444330004AE32F /* main.swift in Sources */ = {isa = PBXBuildFile; fileRef = 31EE8BB32B444330004AE32F /* main.swift */; };
		31EE8BBB2B444B0C004AE32F /* 수리공 항승.swift in Sources */ = {isa = PBXBuildFile; fileRef = 31EE8BBA2B444B0C004AE32F /* 수리공 항승.swift */; };
		31EE8BBD2B46E7CC004AE32F /* 잃어버린 괄호.swift in Sources */ = {isa = PBXBuildFile; fileRef = 31EE8BBC2B46E7CC004AE32F /* 잃어버린 괄호.swift */; };
		31EE8BBF2B4A273E004AE32F /* 빵집실패.swift in Sources */ = {isa = PBXBuildFile; fileRef = 31EE8BBE2B4A273E004AE32F /* 빵집실패.swift */; };
/* End PBXBuildFile section */

/* Begin PBXCopyFilesBuildPhase section */
		31EE8BAE2B444330004AE32F /* CopyFiles */ = {
			isa = PBXCopyFilesBuildPhase;
			buildActionMask = 2147483647;
			dstPath = /usr/share/man/man1/;
			dstSubfolderSpec = 0;
			files = (
			);
			runOnlyForDeploymentPostprocessing = 1;
		};
/* End PBXCopyFilesBuildPhase section */

/* Begin PBXFileReference section */
		31371FB92B4AC4EF00F88BDD /* 단어수학-실패1.swift */ = {isa = PBXFileReference; lastKnownFileType = sourcecode.swift; path = "단어수학-실패1.swift"; sourceTree = "<group>"; };
		31371FBB2B4AC4F500F88BDD /* 단어수학-실패2.swift */ = {isa = PBXFileReference; lastKnownFileType = sourcecode.swift; path = "단어수학-실패2.swift"; sourceTree = "<group>"; };
		313B68E22B5170010054F3D1 /* 전생했더니 슬라임HARD.swift */ = {isa = PBXFileReference; lastKnownFileType = sourcecode.swift; path = "전생했더니 슬라임HARD.swift"; sourceTree = "<group>"; };
		313B69002B53D8310054F3D1 /* 친구 네트워크-실패.swift */ = {isa = PBXFileReference; lastKnownFileType = sourcecode.swift; path = "친구 네트워크-실패.swift"; sourceTree = "<group>"; };
		31EE8BB02B444330004AE32F /* AlgorithmEx */ = {isa = PBXFileReference; explicitFileType = "compiled.mach-o.executable"; includeInIndex = 0; path = AlgorithmEx; sourceTree = BUILT_PRODUCTS_DIR; };
		31EE8BB32B444330004AE32F /* main.swift */ = {isa = PBXFileReference; lastKnownFileType = sourcecode.swift; path = main.swift; sourceTree = "<group>"; };
		31EE8BBA2B444B0C004AE32F /* 수리공 항승.swift */ = {isa = PBXFileReference; lastKnownFileType = sourcecode.swift; path = "수리공 항승.swift"; sourceTree = "<group>"; };
		31EE8BBC2B46E7CC004AE32F /* 잃어버린 괄호.swift */ = {isa = PBXFileReference; lastKnownFileType = sourcecode.swift; path = "잃어버린 괄호.swift"; sourceTree = "<group>"; };
		31EE8BBE2B4A273E004AE32F /* 빵집실패.swift */ = {isa = PBXFileReference; lastKnownFileType = sourcecode.swift; path = "빵집실패.swift"; sourceTree = "<group>"; };
/* End PBXFileReference section */

/* Begin PBXFrameworksBuildPhase section */
		31EE8BAD2B444330004AE32F /* Frameworks */ = {
			isa = PBXFrameworksBuildPhase;
			buildActionMask = 2147483647;
			files = (
			);
			runOnlyForDeploymentPostprocessing = 0;
		};
/* End PBXFrameworksBuildPhase section */

/* Begin PBXGroup section */
		31EE8BA72B444330004AE32F = {
			isa = PBXGroup;
			children = (
				31EE8BB22B444330004AE32F /* AlgorithmEx */,
				31EE8BB12B444330004AE32F /* Products */,
			);
			sourceTree = "<group>";
		};
		31EE8BB12B444330004AE32F /* Products */ = {
			isa = PBXGroup;
			children = (
				31EE8BB02B444330004AE32F /* AlgorithmEx */,
			);
			name = Products;
			sourceTree = "<group>";
		};
		31EE8BB22B444330004AE32F /* AlgorithmEx */ = {
			isa = PBXGroup;
			children = (
				31EE8BB32B444330004AE32F /* main.swift */,
				313B69002B53D8310054F3D1 /* 친구 네트워크-실패.swift */,
				313B68E22B5170010054F3D1 /* 전생했더니 슬라임HARD.swift */,
				31371FB92B4AC4EF00F88BDD /* 단어수학-실패1.swift */,
				31371FBB2B4AC4F500F88BDD /* 단어수학-실패2.swift */,
				31EE8BBE2B4A273E004AE32F /* 빵집실패.swift */,
				31EE8BBA2B444B0C004AE32F /* 수리공 항승.swift */,
				31EE8BBC2B46E7CC004AE32F /* 잃어버린 괄호.swift */,
			);
			path = AlgorithmEx;
			sourceTree = "<group>";
		};
/* End PBXGroup section */

/* Begin PBXNativeTarget section */
		31EE8BAF2B444330004AE32F /* AlgorithmEx */ = {
			isa = PBXNativeTarget;
			buildConfigurationList = 31EE8BB72B444330004AE32F /* Build configuration list for PBXNativeTarget "AlgorithmEx" */;
			buildPhases = (
				31EE8BAC2B444330004AE32F /* Sources */,
				31EE8BAD2B444330004AE32F /* Frameworks */,
				31EE8BAE2B444330004AE32F /* CopyFiles */,
			);
			buildRules = (
			);
			dependencies = (
			);
			name = AlgorithmEx;
			productName = AlgorithmEx;
			productReference = 31EE8BB02B444330004AE32F /* AlgorithmEx */;
			productType = "com.apple.product-type.tool";
		};
/* End PBXNativeTarget section */

/* Begin PBXProject section */
		31EE8BA82B444330004AE32F /* Project object */ = {
			isa = PBXProject;
			attributes = {
				BuildIndependentTargetsInParallel = 1;
				LastSwiftUpdateCheck = 1510;
				LastUpgradeCheck = 1510;
				TargetAttributes = {
					31EE8BAF2B444330004AE32F = {
						CreatedOnToolsVersion = 15.1;
					};
				};
			};
			buildConfigurationList = 31EE8BAB2B444330004AE32F /* Build configuration list for PBXProject "AlgorithmEx" */;
			compatibilityVersion = "Xcode 14.0";
			developmentRegion = en;
			hasScannedForEncodings = 0;
			knownRegions = (
				en,
				Base,
			);
			mainGroup = 31EE8BA72B444330004AE32F;
			productRefGroup = 31EE8BB12B444330004AE32F /* Products */;
			projectDirPath = "";
			projectRoot = "";
			targets = (
				31EE8BAF2B444330004AE32F /* AlgorithmEx */,
			);
		};
/* End PBXProject section */

/* Begin PBXSourcesBuildPhase section */
		31EE8BAC2B444330004AE32F /* Sources */ = {
			isa = PBXSourcesBuildPhase;
			buildActionMask = 2147483647;
			files = (
				31EE8BBD2B46E7CC004AE32F /* 잃어버린 괄호.swift in Sources */,
				31371FBA2B4AC4EF00F88BDD /* 단어수학-실패1.swift in Sources */,
				313B68E32B5170010054F3D1 /* 전생했더니 슬라임HARD.swift in Sources */,
				31EE8BBF2B4A273E004AE32F /* 빵집실패.swift in Sources */,
				31EE8BBB2B444B0C004AE32F /* 수리공 항승.swift in Sources */,
				313B69012B53D8310054F3D1 /* 친구 네트워크-실패.swift in Sources */,
				31371FBC2B4AC4F500F88BDD /* 단어수학-실패2.swift in Sources */,
				31EE8BB42B444330004AE32F /* main.swift in Sources */,
			);
			runOnlyForDeploymentPostprocessing = 0;
		};
/* End PBXSourcesBuildPhase section */

/* Begin XCBuildConfiguration section */
		31EE8BB52B444330004AE32F /* Debug */ = {
			isa = XCBuildConfiguration;
			buildSettings = {
				ALWAYS_SEARCH_USER_PATHS = NO;
				ASSETCATALOG_COMPILER_GENERATE_SWIFT_ASSET_SYMBOL_EXTENSIONS = YES;
				CLANG_ANALYZER_NONNULL = YES;
				CLANG_ANALYZER_NUMBER_OBJECT_CONVERSION = YES_AGGRESSIVE;
				CLANG_CXX_LANGUAGE_STANDARD = "gnu++20";
				CLANG_ENABLE_MODULES = YES;
				CLANG_ENABLE_OBJC_ARC = YES;
				CLANG_ENABLE_OBJC_WEAK = YES;
				CLANG_WARN_BLOCK_CAPTURE_AUTORELEASING = YES;
				CLANG_WARN_BOOL_CONVERSION = YES;
				CLANG_WARN_COMMA = YES;
				CLANG_WARN_CONSTANT_CONVERSION = YES;
				CLANG_WARN_DEPRECATED_OBJC_IMPLEMENTATIONS = YES;
				CLANG_WARN_DIRECT_OBJC_ISA_USAGE = YES_ERROR;
				CLANG_WARN_DOCUMENTATION_COMMENTS = YES;
				CLANG_WARN_EMPTY_BODY = YES;
				CLANG_WARN_ENUM_CONVERSION = YES;
				CLANG_WARN_INFINITE_RECURSION = YES;
				CLANG_WARN_INT_CONVERSION = YES;
				CLANG_WARN_NON_LITERAL_NULL_CONVERSION = YES;
				CLANG_WARN_OBJC_IMPLICIT_RETAIN_SELF = YES;
				CLANG_WARN_OBJC_LITERAL_CONVERSION = YES;
				CLANG_WARN_OBJC_ROOT_CLASS = YES_ERROR;
				CLANG_WARN_QUOTED_INCLUDE_IN_FRAMEWORK_HEADER = YES;
				CLANG_WARN_RANGE_LOOP_ANALYSIS = YES;
				CLANG_WARN_STRICT_PROTOTYPES = YES;
				CLANG_WARN_SUSPICIOUS_MOVE = YES;
				CLANG_WARN_UNGUARDED_AVAILABILITY = YES_AGGRESSIVE;
				CLANG_WARN_UNREACHABLE_CODE = YES;
				CLANG_WARN__DUPLICATE_METHOD_MATCH = YES;
				COPY_PHASE_STRIP = NO;
				DEBUG_INFORMATION_FORMAT = dwarf;
				ENABLE_STRICT_OBJC_MSGSEND = YES;
				ENABLE_TESTABILITY = YES;
				ENABLE_USER_SCRIPT_SANDBOXING = YES;
				GCC_C_LANGUAGE_STANDARD = gnu17;
				GCC_DYNAMIC_NO_PIC = NO;
				GCC_NO_COMMON_BLOCKS = YES;
				GCC_OPTIMIZATION_LEVEL = 0;
				GCC_PREPROCESSOR_DEFINITIONS = (
					"DEBUG=1",
					"$(inherited)",
				);
				GCC_WARN_64_TO_32_BIT_CONVERSION = YES;
				GCC_WARN_ABOUT_RETURN_TYPE = YES_ERROR;
				GCC_WARN_UNDECLARED_SELECTOR = YES;
				GCC_WARN_UNINITIALIZED_AUTOS = YES_AGGRESSIVE;
				GCC_WARN_UNUSED_FUNCTION = YES;
				GCC_WARN_UNUSED_VARIABLE = YES;
				LOCALIZATION_PREFERS_STRING_CATALOGS = YES;
				MACOSX_DEPLOYMENT_TARGET = 14.2;
				MTL_ENABLE_DEBUG_INFO = INCLUDE_SOURCE;
				MTL_FAST_MATH = YES;
				ONLY_ACTIVE_ARCH = YES;
				SDKROOT = macosx;
				SWIFT_ACTIVE_COMPILATION_CONDITIONS = "DEBUG $(inherited)";
				SWIFT_OPTIMIZATION_LEVEL = "-Onone";
			};
			name = Debug;
		};
		31EE8BB62B444330004AE32F /* Release */ = {
			isa = XCBuildConfiguration;
			buildSettings = {
				ALWAYS_SEARCH_USER_PATHS = NO;
				ASSETCATALOG_COMPILER_GENERATE_SWIFT_ASSET_SYMBOL_EXTENSIONS = YES;
				CLANG_ANALYZER_NONNULL = YES;
				CLANG_ANALYZER_NUMBER_OBJECT_CONVERSION = YES_AGGRESSIVE;
				CLANG_CXX_LANGUAGE_STANDARD = "gnu++20";
				CLANG_ENABLE_MODULES = YES;
				CLANG_ENABLE_OBJC_ARC = YES;
				CLANG_ENABLE_OBJC_WEAK = YES;
				CLANG_WARN_BLOCK_CAPTURE_AUTORELEASING = YES;
				CLANG_WARN_BOOL_CONVERSION = YES;
				CLANG_WARN_COMMA = YES;
				CLANG_WARN_CONSTANT_CONVERSION = YES;
				CLANG_WARN_DEPRECATED_OBJC_IMPLEMENTATIONS = YES;
				CLANG_WARN_DIRECT_OBJC_ISA_USAGE = YES_ERROR;
				CLANG_WARN_DOCUMENTATION_COMMENTS = YES;
				CLANG_WARN_EMPTY_BODY = YES;
				CLANG_WARN_ENUM_CONVERSION = YES;
				CLANG_WARN_INFINITE_RECURSION = YES;
				CLANG_WARN_INT_CONVERSION = YES;
				CLANG_WARN_NON_LITERAL_NULL_CONVERSION = YES;
				CLANG_WARN_OBJC_IMPLICIT_RETAIN_SELF = YES;
				CLANG_WARN_OBJC_LITERAL_CONVERSION = YES;
				CLANG_WARN_OBJC_ROOT_CLASS = YES_ERROR;
				CLANG_WARN_QUOTED_INCLUDE_IN_FRAMEWORK_HEADER = YES;
				CLANG_WARN_RANGE_LOOP_ANALYSIS = YES;
				CLANG_WARN_STRICT_PROTOTYPES = YES;
				CLANG_WARN_SUSPICIOUS_MOVE = YES;
				CLANG_WARN_UNGUARDED_AVAILABILITY = YES_AGGRESSIVE;
				CLANG_WARN_UNREACHABLE_CODE = YES;
				CLANG_WARN__DUPLICATE_METHOD_MATCH = YES;
				COPY_PHASE_STRIP = NO;
				DEBUG_INFORMATION_FORMAT = "dwarf-with-dsym";
				ENABLE_NS_ASSERTIONS = NO;
				ENABLE_STRICT_OBJC_MSGSEND = YES;
				ENABLE_USER_SCRIPT_SANDBOXING = YES;
				GCC_C_LANGUAGE_STANDARD = gnu17;
				GCC_NO_COMMON_BLOCKS = YES;
				GCC_WARN_64_TO_32_BIT_CONVERSION = YES;
				GCC_WARN_ABOUT_RETURN_TYPE = YES_ERROR;
				GCC_WARN_UNDECLARED_SELECTOR = YES;
				GCC_WARN_UNINITIALIZED_AUTOS = YES_AGGRESSIVE;
				GCC_WARN_UNUSED_FUNCTION = YES;
				GCC_WARN_UNUSED_VARIABLE = YES;
				LOCALIZATION_PREFERS_STRING_CATALOGS = YES;
				MACOSX_DEPLOYMENT_TARGET = 14.2;
				MTL_ENABLE_DEBUG_INFO = NO;
				MTL_FAST_MATH = YES;
				SDKROOT = macosx;
				SWIFT_COMPILATION_MODE = wholemodule;
			};
			name = Release;
		};
		31EE8BB82B444330004AE32F /* Debug */ = {
			isa = XCBuildConfiguration;
			buildSettings = {
				CODE_SIGN_STYLE = Automatic;
				DEVELOPMENT_TEAM = A44U4A2F2G;
				ENABLE_HARDENED_RUNTIME = YES;
				PRODUCT_NAME = "$(TARGET_NAME)";
				SWIFT_VERSION = 5.0;
			};
			name = Debug;
		};
		31EE8BB92B444330004AE32F /* Release */ = {
			isa = XCBuildConfiguration;
			buildSettings = {
				CODE_SIGN_STYLE = Automatic;
				DEVELOPMENT_TEAM = A44U4A2F2G;
				ENABLE_HARDENED_RUNTIME = YES;
				PRODUCT_NAME = "$(TARGET_NAME)";
				SWIFT_VERSION = 5.0;
			};
			name = Release;
		};
/* End XCBuildConfiguration section */

/* Begin XCConfigurationList section */
		31EE8BAB2B444330004AE32F /* Build configuration list for PBXProject "AlgorithmEx" */ = {
			isa = XCConfigurationList;
			buildConfigurations = (
				31EE8BB52B444330004AE32F /* Debug */,
				31EE8BB62B444330004AE32F /* Release */,
			);
			defaultConfigurationIsVisible = 0;
			defaultConfigurationName = Release;
		};
		31EE8BB72B444330004AE32F /* Build configuration list for PBXNativeTarget "AlgorithmEx" */ = {
			isa = XCConfigurationList;
			buildConfigurations = (
				31EE8BB82B444330004AE32F /* Debug */,
				31EE8BB92B444330004AE32F /* Release */,
			);
			defaultConfigurationIsVisible = 0;
			defaultConfigurationName = Release;
		};
/* End XCConfigurationList section */
	};
	rootObject = 31EE8BA82B444330004AE32F /* Project object */;
}
